
Microsoft Visual Studio Solution File, Format Version 12.00
# Visual Studio 15
VisualStudioVersion = 15.0.27130.2024
MinimumVisualStudioVersion = 10.0.40219.1
Project("{FAE04EC0-301F-11D3-BF4B-00C04F79EFBC}") = "Mercado.NET.Web.Ui", "Mercado.NET.Web.Ui\Mercado.NET.Web.Ui.csproj", "{09A4369A-BECF-4ADA-BE31-D2007ADE7678}"
EndProject
Global
	GlobalSection(SolutionConfigurationPlatforms) = preSolution
		Debug|Any CPU = Debug|Any CPU
		Release|Any CPU = Release|Any CPU
	EndGlobalSection
	GlobalSection(ProjectConfigurationPlatforms) = postSolution
		{09A4369A-BECF-4ADA-BE31-D2007ADE7678}.Debug|Any CPU.ActiveCfg = Debug|Any CPU
		{09A4369A-BECF-4ADA-BE31-D2007ADE7678}.Debug|Any CPU.Build.0 = Debug|Any CPU
		{09A4369A-BECF-4ADA-BE31-D2007ADE7678}.Release|Any CPU.ActiveCfg = Release|Any CPU
		{09A4369A-BECF-4ADA-BE31-D2007ADE7678}.Release|Any CPU.Build.0 = Release|Any CPU
	EndGlobalSection
	GlobalSection(SolutionProperties) = preSolution
		HideSolutionNode = FALSE
	EndGlobalSection
	GlobalSection(ExtensibilityGlobals) = postSolution
		SolutionGuid = {C31DC849-788F-4EE6-92E5-5C2D926F6F29}
	EndGlobalSection
EndGlobal
